{
  "originHash" : "49c4085315499f9b1d75ec01fcf618d1a88cb3499091d5a64e132fb368d3d362",
  "pins" : [
    {
      "identity" : "eznetworking",
      "kind" : "remoteSourceControl",
      "location" : "https://github.com/Aldo10012/EZNetworking",
      "state" : {
        "revision" : "c0bc82112efaa62210c15cf7f5d67877744edc68",
        "version" : "5.6.0"
      }
    }
  ],
  "version" : 3
}
